
Microsoft Visual Studio Solution File, Format Version 12.00
# Visual Studio Version 17
VisualStudioVersion = 17.11.35303.130
MinimumVisualStudioVersion = 10.0.40219.1
Project("{FAE04EC0-301F-11D3-BF4B-00C04F79EFBC}") = "Quiz4", "Quiz4\Quiz4.csproj", "{136746B9-2F56-4582-8CD0-C49200C70615}"
EndProject
Global
	GlobalSection(SolutionConfigurationPlatforms) = preSolution
		Debug|Any CPU = Debug|Any CPU
		Release|Any CPU = Release|Any CPU
	EndGlobalSection
	GlobalSection(ProjectConfigurationPlatforms) = postSolution
		{136746B9-2F56-4582-8CD0-C49200C70615}.Debug|Any CPU.ActiveCfg = Debug|Any CPU
		{136746B9-2F56-4582-8CD0-C49200C70615}.Debug|Any CPU.Build.0 = Debug|Any CPU
		{136746B9-2F56-4582-8CD0-C49200C70615}.Release|Any CPU.ActiveCfg = Release|Any CPU
		{136746B9-2F56-4582-8CD0-C49200C70615}.Release|Any CPU.Build.0 = Release|Any CPU
	EndGlobalSection
	GlobalSection(SolutionProperties) = preSolution
		HideSolutionNode = FALSE
	EndGlobalSection
	GlobalSection(ExtensibilityGlobals) = postSolution
		SolutionGuid = {DD2F47BF-18C6-49F5-AE14-75520024AD16}
	EndGlobalSection
EndGlobal
