
Microsoft Visual Studio Solution File, Format Version 12.00
# Visual Studio Version 17
VisualStudioVersion = 17.11.35303.130
MinimumVisualStudioVersion = 10.0.40219.1
Project("{FAE04EC0-301F-11D3-BF4B-00C04F79EFBC}") = "Assignment4_Yuan", "Assignment4_Yuan\Assignment4_Yuan.csproj", "{25C373C5-EC69-424A-9DBC-3306F231DA40}"
EndProject
Global
	GlobalSection(SolutionConfigurationPlatforms) = preSolution
		Debug|Any CPU = Debug|Any CPU
		Release|Any CPU = Release|Any CPU
	EndGlobalSection
	GlobalSection(ProjectConfigurationPlatforms) = postSolution
		{25C373C5-EC69-424A-9DBC-3306F231DA40}.Debug|Any CPU.ActiveCfg = Debug|Any CPU
		{25C373C5-EC69-424A-9DBC-3306F231DA40}.Debug|Any CPU.Build.0 = Debug|Any CPU
		{25C373C5-EC69-424A-9DBC-3306F231DA40}.Release|Any CPU.ActiveCfg = Release|Any CPU
		{25C373C5-EC69-424A-9DBC-3306F231DA40}.Release|Any CPU.Build.0 = Release|Any CPU
	EndGlobalSection
	GlobalSection(SolutionProperties) = preSolution
		HideSolutionNode = FALSE
	EndGlobalSection
	GlobalSection(ExtensibilityGlobals) = postSolution
		SolutionGuid = {4EFCFD56-CA59-48D6-BCBE-5E4860C3ACC8}
	EndGlobalSection
EndGlobal
