
Microsoft Visual Studio Solution File, Format Version 12.00
# Visual Studio Version 17
VisualStudioVersion = 17.11.35222.181
MinimumVisualStudioVersion = 10.0.40219.1
Project("{FAE04EC0-301F-11D3-BF4B-00C04F79EFBC}") = "Tset1", "Tset1\Tset1.csproj", "{0A316D1B-EED0-4DBD-B45B-68F81B6E0F89}"
EndProject
Global
	GlobalSection(SolutionConfigurationPlatforms) = preSolution
		Debug|Any CPU = Debug|Any CPU
		Release|Any CPU = Release|Any CPU
	EndGlobalSection
	GlobalSection(ProjectConfigurationPlatforms) = postSolution
		{0A316D1B-EED0-4DBD-B45B-68F81B6E0F89}.Debug|Any CPU.ActiveCfg = Debug|Any CPU
		{0A316D1B-EED0-4DBD-B45B-68F81B6E0F89}.Debug|Any CPU.Build.0 = Debug|Any CPU
		{0A316D1B-EED0-4DBD-B45B-68F81B6E0F89}.Release|Any CPU.ActiveCfg = Release|Any CPU
		{0A316D1B-EED0-4DBD-B45B-68F81B6E0F89}.Release|Any CPU.Build.0 = Release|Any CPU
	EndGlobalSection
	GlobalSection(SolutionProperties) = preSolution
		HideSolutionNode = FALSE
	EndGlobalSection
	GlobalSection(ExtensibilityGlobals) = postSolution
		SolutionGuid = {B0744032-15A4-485C-BAC7-015F758FD1A3}
	EndGlobalSection
EndGlobal
